{
    "_readme": [
        "This file locks the dependencies of your project to a known state",
        "Read more about it at https://getcomposer.org/doc/01-basic-usage.md#composer-lock-the-lock-file",
        "This file is @generated automatically"
    ],
    "hash": "b366ae8def746ef75413fcb816c6500e",
    "content-hash": "5b9b18458cd1e847169d8290868737e8",
    "packages": [
        {
            "name": "aoepeople/aoe_scheduler",
            "version": "v1.5.1",
            "source": {
                "type": "git",
                "url": "https://github.com/AOEpeople/Aoe_Scheduler.git",
                "reference": "9510692d6155feb3345e32151e5cd6492f162ce5"
            },
            "dist": {
                "type": "zip",
                "url": "https://api.github.com/repos/AOEpeople/Aoe_Scheduler/zipball/9510692d6155feb3345e32151e5cd6492f162ce5",
                "reference": "9510692d6155feb3345e32151e5cd6492f162ce5",
                "shasum": ""
            },
            "require": {
                "magento-hackathon/magento-composer-installer": "*",
                "php": ">=5.3"
            },
            "replace": {
                "fbrnc/aoe_scheduler": "*"
            },
            "type": "magento-module",
            "license": [
                "GPL-3.0"
            ],
            "authors": [
                {
                    "name": "Fabrizio Branca",
                    "email": "firstname.lastname@aoe.com",
                    "role": "Author/Maintainer"
                },
                {
                    "name": "Lee Saferite",
                    "email": "lee.saferite@aoe.com",
                    "role": "Contributor/Maintainer"
                }
            ],
            "description": "Magento Cron Scheduler",
            "homepage": "https://github.com/AOEpeople/Aoe_Scheduler",
            "support": {
                "source": "https://github.com/AOEpeople/Aoe_Scheduler/tree/v1.5.1",
                "issues": "https://github.com/AOEpeople/Aoe_Scheduler/issues"
            },
            "time": "2016-12-14 14:42:05"
        },
        {
            "name": "aschroder/smtp_pro",
            "version": "2.0.7",
            "source": {
                "type": "git",
                "url": "https://github.com/aschroder/Magento-SMTP-Pro-Email-Extension.git",
                "reference": "5101ed278d4aba05279fc1e53c3811983be8adda"
            },
            "dist": {
                "type": "zip",
                "url": "https://api.github.com/repos/aschroder/Magento-SMTP-Pro-Email-Extension/zipball/5101ed278d4aba05279fc1e53c3811983be8adda",
                "reference": "5101ed278d4aba05279fc1e53c3811983be8adda",
                "shasum": ""
            },
            "require": {
                "magento-hackathon/magento-composer-installer": "*"
            },
            "type": "magento-module",
            "extra": {
                "map": [
                    [
                        "app/etc/modules/Aschroder_SMTPPro.xml",
                        "app/etc/modules/Aschroder_SMTPPro.xml"
                    ],
                    [
                        "app/code/local/Aschroder/SMTPPro",
                        "app/code/local/Aschroder/SMTPPro"
                    ],
                    [
                        "app/design/adminhtml/base/default/template/smtppro",
                        "app/design/adminhtml/default/default/template/smtppro"
                    ],
                    [
                        "app/locale/en_US/Aschroder_SMTPPro.csv",
                        "app/locale/en_US/Aschroder_SMTPPro.csv"
                    ]
                ]
            },
            "authors": [
                {
                    "name": "aschroder"
                }
            ],
            "description": "sending Magento mail through an external smtp-server",
            "homepage": "https://github.com/aschroder/Magento-SMTP-Pro-Email-Extension",
            "support": {
                "source": "https://github.com/aschroder/Magento-SMTP-Pro-Email-Extension/tree/2.0.7",
                "issues": "https://github.com/aschroder/Magento-SMTP-Pro-Email-Extension/issues"
            },
            "time": "2015-10-30 09:33:29"
        },
        {
            "name": "avstudnitz/scopehint",
            "version": "0.6.0",
            "source": {
                "type": "git",
                "url": "https://github.com/avstudnitz/AvS_ScopeHint.git",
                "reference": "3e03924e59be89eddaff7be38cf2adb15cf1e24c"
            },
            "dist": {
                "type": "zip",
                "url": "https://api.github.com/repos/avstudnitz/AvS_ScopeHint/zipball/3e03924e59be89eddaff7be38cf2adb15cf1e24c",
                "reference": "3e03924e59be89eddaff7be38cf2adb15cf1e24c",
                "shasum": ""
            },
            "require": {
                "magento-hackathon/magento-composer-installer": "*"
            },
            "type": "magento-module",
            "description": "Creates a warning if a configuration setting, product data or category data is overwritten on a lower level (website or store view)",
            "homepage": "https://github.com/avstudnitz/AvS_ScopeHint",
            "support": {
                "source": "https://github.com/avstudnitz/AvS_ScopeHint/tree/0.6.0",
                "issues": "https://github.com/avstudnitz/AvS_ScopeHint/issues"
            },
            "time": "2015-03-31 19:50:11"
        },
        {
            "name": "aydin-hassan/magento-core-composer-installer",
            "version": "1.5.0",
            "source": {
                "type": "git",
                "url": "https://github.com/AydinHassan/magento-core-composer-installer.git",
                "reference": "3e986ad18ff57847f543a850bc48b62ece411a23"
            },
            "dist": {
                "type": "zip",
                "url": "https://api.github.com/repos/AydinHassan/magento-core-composer-installer/zipball/3e986ad18ff57847f543a850bc48b62ece411a23",
                "reference": "3e986ad18ff57847f543a850bc48b62ece411a23",
                "shasum": ""
            },
            "require": {
                "composer-plugin-api": "~1.0",
                "php": "^5.5 | ^7.0"
            },
            "require-dev": {
                "composer/composer": "^1.3@dev",
                "mikey179/vfsstream": "~1.4",
                "phpunit/phpunit": "~4.3",
                "squizlabs/php_codesniffer": "~1.5"
            },
            "type": "composer-plugin",
            "extra": {
                "class": "\\AydinHassan\\MagentoCoreComposerInstaller\\CoreManager"
            },
            "autoload": {
                "psr-4": {
                    "AydinHassan\\MagentoCoreComposerInstaller\\": "src/"
                }
            },
            "notification-url": "https://packagist.org/downloads/",
            "license": [
                "MIT"
            ],
            "authors": [
                {
                    "name": "Aydin Hassan",
                    "email": "aydin@hotmail.co.uk"
                }
            ],
            "description": "A composer plugin for managing Magento Core",
            "time": "2017-08-27 12:18:04"
        },
        {
            "name": "colinmollenhour/modman",
            "version": "1.12",
            "source": {
                "type": "git",
                "url": "https://github.com/colinmollenhour/modman.git",
                "reference": "c45a6b2f5903dff8c8f029e50d5a93e73fb72793"
            },
            "dist": {
                "type": "tar",
                "url": "http://packages.fooman.co.nz/dist/colinmollenhour/modman/colinmollenhour-modman-c45a6b2f5903dff8c8f029e50d5a93e73fb72793-zip-1030f9.tar",
                "reference": "c45a6b2f5903dff8c8f029e50d5a93e73fb72793",
                "shasum": "2c0cc53c577f36a83277b4d37b0ffb8827698b23"
            },
            "bin": [
                "modman"
            ],
            "type": "library",
            "license": [
                "Apache-2.0"
            ],
            "authors": [
                {
                    "name": "Colin Mollenhour"
                }
            ],
            "description": "Module Manager",
            "homepage": "https://github.com/colinmollenhour/modman",
            "support": {
                "source": "https://github.com/colinmollenhour/modman/tree/1.12",
                "issues": "https://github.com/colinmollenhour/modman/issues"
            },
            "time": "2015-05-09 00:02:36"
        },
        {
            "name": "eloquent/composer-config-reader",
            "version": "2.1.0",
            "source": {
                "type": "git",
                "url": "https://github.com/eloquent/composer-config-reader.git",
                "reference": "ee83a1cad8f68508f05b30c376003045a7cdfcd8"
            },
            "dist": {
                "type": "zip",
                "url": "https://api.github.com/repos/eloquent/composer-config-reader/zipball/ee83a1cad8f68508f05b30c376003045a7cdfcd8",
                "reference": "ee83a1cad8f68508f05b30c376003045a7cdfcd8",
                "shasum": ""
            },
            "require": {
                "eloquent/enumeration": "^5",
                "justinrainbow/json-schema": "^4",
                "php": ">=5.3"
            },
            "require-dev": {
                "eloquent/liberator": "^2",
                "eloquent/phony": "0.14.4",
                "phpunit/phpunit": "^4"
            },
            "type": "library",
            "autoload": {
                "psr-4": {
                    "Eloquent\\Composer\\Configuration\\": "src"
                }
            },
            "notification-url": "https://packagist.org/downloads/",
            "license": [
                "MIT"
            ],
            "authors": [
                {
                    "name": "Erin Millard",
                    "email": "ezzatron@gmail.com",
                    "homepage": "http://ezzatron.com/"
                }
            ],
            "description": "A light-weight component for reading Composer configuration files.",
            "homepage": "https://github.com/eloquent/composer-config-reader",
            "keywords": [
                "composer",
                "configuration",
                "parser",
                "reader"
            ],
            "time": "2017-11-02 01:07:08"
        },
        {
            "name": "eloquent/enumeration",
            "version": "5.1.1",
            "source": {
                "type": "git",
                "url": "https://github.com/eloquent/enumeration.git",
                "reference": "0242859435d9b135939816858348556d3cde9e3c"
            },
            "dist": {
                "type": "zip",
                "url": "https://api.github.com/repos/eloquent/enumeration/zipball/0242859435d9b135939816858348556d3cde9e3c",
                "reference": "0242859435d9b135939816858348556d3cde9e3c",
                "shasum": ""
            },
            "require": {
                "php": ">=5.3"
            },
            "require-dev": {
                "icecave/archer": "dev-develop",
                "phpunit/phpunit": "^4",
                "sami/sami": "^3"
            },
            "type": "library",
            "autoload": {
                "psr-4": {
                    "Eloquent\\Enumeration\\": "src"
                }
            },
            "notification-url": "https://packagist.org/downloads/",
            "license": [
                "MIT"
            ],
            "authors": [
                {
                    "name": "Erin Millard",
                    "email": "ezzatron@gmail.com",
                    "homepage": "http://ezzatron.com/"
                }
            ],
            "description": "An enumeration implementation for PHP.",
            "homepage": "https://github.com/eloquent/enumeration",
            "keywords": [
                "class",
                "enum",
                "enumeration",
                "multiton",
                "set",
                "type"
            ],
            "time": "2015-11-03 22:21:38"
        },
        {
            "name": "gordonlesti/lesti_fpc",
            "version": "1.4.9",
            "source": {
                "type": "git",
                "url": "https://github.com/GordonLesti/Lesti_Fpc.git",
                "reference": "fe3b531acfeba42dab4162c6c8e5e6e08c784c87"
            },
            "dist": {
                "type": "zip",
                "url": "https://api.github.com/repos/GordonLesti/Lesti_Fpc/zipball/fe3b531acfeba42dab4162c6c8e5e6e08c784c87",
                "reference": "fe3b531acfeba42dab4162c6c8e5e6e08c784c87",
                "shasum": ""
            },
            "require": {
                "magento-hackathon/magento-composer-installer": "^3.0"
            },
            "require-dev": {
                "ecomdev/ecomdev_phpunit": "^0.3.7",
                "phpmd/phpmd": "^2.4",
                "phpunit/phpunit": "4.*",
                "satooshi/php-coveralls": "^1.0",
                "sebastian/phpcpd": "^2.0",
                "squizlabs/php_codesniffer": "^2.5"
            },
            "type": "magento-module",
            "extra": {
                "map": [
                    [
                        "app/code/community/Lesti/Fpc",
                        "app/code/community/Lesti/Fpc"
                    ],
                    [
                        "app/design/frontend/base/default/layout/fpc.xml",
                        "app/design/frontend/base/default/layout/fpc.xml"
                    ],
                    [
                        "app/design/frontend/base/default/template/fpc",
                        "app/design/frontend/base/default/template/fpc"
                    ],
                    [
                        "app/etc/modules/Lesti_Fpc.xml",
                        "app/etc/modules/Lesti_Fpc.xml"
                    ],
                    [
                        "app/etc/fpc.xml.sample",
                        "app/etc/fpc.xml.sample"
                    ]
                ]
            },
            "license": [
                "OSL-3.0"
            ],
            "authors": [
                {
                    "name": "Gordon Lesti",
                    "email": "info@gordonlesti.com",
                    "homepage": "http://gordonlesti.com/",
                    "role": "developer"
                }
            ],
            "description": "Simple Magento Fullpagecache",
            "homepage": "https://github.com/GordonLesti/Lesti_Fpc",
            "keywords": [
                "fpc"
            ],
            "support": {
                "source": "https://github.com/GordonLesti/Lesti_Fpc/tree/master",
                "issues": "https://github.com/GordonLesti/Lesti_Fpc/issues"
            },
            "time": "2017-03-29 13:01:20"
        },
        {
            "name": "jeroenvermeulen/solarium",
            "version": "v1.6.9-beta",
            "source": {
                "type": "git",
                "url": "https://github.com/jeroenvermeulen/magento-solarium.git",
                "reference": "e9e73a166049ab3abfaa562a098adb5e74f844fb"
            },
            "dist": {
                "type": "zip",
                "url": "https://api.github.com/repos/jeroenvermeulen/magento-solarium/zipball/e9e73a166049ab3abfaa562a098adb5e74f844fb",
                "reference": "e9e73a166049ab3abfaa562a098adb5e74f844fb",
                "shasum": ""
            },
            "require": {
                "magento-hackathon/magento-composer-installer": "*"
            },
            "type": "magento-module",
            "extra": {
                "magento_connect": {
                    "channel": "community",
                    "php_min": "5.3.0",
                    "php_max": "6.0.0",
                    "stability": "beta",
                    "license_uri": "http://opensource.org/licenses/osl-3.0.php",
                    "summary": "Solr based full text search for Magento CE. Uses the Solarium library.",
                    "content": [
                        {
                            "type": "magecommunity",
                            "structure": "dir",
                            "path": "JeroenVermeulen/Solarium"
                        },
                        {
                            "type": "mageetc",
                            "structure": "file",
                            "path": "modules/JeroenVermeulen_Solarium.xml"
                        },
                        {
                            "type": "magelib",
                            "structure": "dir",
                            "path": "Solarium"
                        },
                        {
                            "type": "magelib",
                            "structure": "dir",
                            "path": "Symfony/Component/EventDispatcher"
                        }
                    ]
                }
            },
            "license": [
                "OSL-3.0"
            ],
            "authors": [
                {
                    "name": "Jeroen Vermeulen",
                    "email": "info@jeroenvermeulen.eu"
                }
            ],
            "description": "Solr based full text search for Magento CE. Uses the Solarium library.",
            "homepage": "https://github.com/jeroenvermeulen/magento-solarium/",
            "support": {
                "source": "https://github.com/jeroenvermeulen/magento-solarium/tree/v1.6.9-beta"
            },
            "time": "2015-01-21 17:28:40"
        },
        {
            "name": "justinrainbow/json-schema",
            "version": "4.1.0",
            "source": {
                "type": "git",
                "url": "https://github.com/justinrainbow/json-schema.git",
                "reference": "d39c56a46b3ebe1f3696479966cd2b9f50aaa24f"
            },
            "dist": {
                "type": "zip",
                "url": "https://api.github.com/repos/justinrainbow/json-schema/zipball/d39c56a46b3ebe1f3696479966cd2b9f50aaa24f",
                "reference": "d39c56a46b3ebe1f3696479966cd2b9f50aaa24f",
                "shasum": ""
            },
            "require": {
                "php": ">=5.3.3"
            },
            "require-dev": {
                "json-schema/json-schema-test-suite": "1.2.0",
                "phpdocumentor/phpdocumentor": "~2",
                "phpunit/phpunit": "^4.8.22"
            },
            "bin": [
                "bin/validate-json"
            ],
            "type": "library",
            "extra": {
                "branch-alias": {
                    "dev-master": "4.0.x-dev"
                }
            },
            "autoload": {
                "psr-4": {
                    "JsonSchema\\": "src/JsonSchema/"
                }
            },
            "notification-url": "https://packagist.org/downloads/",
            "license": [
                "MIT"
            ],
            "authors": [
                {
                    "name": "Bruno Prieto Reis",
                    "email": "bruno.p.reis@gmail.com"
                },
                {
                    "name": "Justin Rainbow",
                    "email": "justin.rainbow@gmail.com"
                },
                {
                    "name": "Igor Wiedler",
                    "email": "igor@wiedler.ch"
                },
                {
                    "name": "Robert Schönthal",
                    "email": "seroscho@googlemail.com"
                }
            ],
            "description": "A library to validate a json schema.",
            "homepage": "https://github.com/justinrainbow/json-schema",
            "keywords": [
                "json",
                "schema"
            ],
            "time": "2016-12-22 16:43:46"
        },
        {
            "name": "magento-hackathon/magento-composer-installer",
            "version": "3.1.2",
            "source": {
                "type": "git",
                "url": "https://github.com/Cotya/magento-composer-installer.git",
                "reference": "5721e9b8b642597f953d248ea9f8c2427c6aff07"
            },
            "dist": {
                "type": "zip",
                "url": "https://api.github.com/repos/Cotya/magento-composer-installer/zipball/5721e9b8b642597f953d248ea9f8c2427c6aff07",
                "reference": "5721e9b8b642597f953d248ea9f8c2427c6aff07",
                "shasum": ""
            },
            "archive": {
                "exclude": [
                    "vendor",
                    "/tests/FullStackTest/"
                ]
            },
            "require": {
                "composer-plugin-api": "^1.0",
                "eloquent/composer-config-reader": "2.*",
                "php": ">=5.5",
                "symfony/console": "^2.5|^3.0"
            },
            "require-dev": {
                "composer/composer": "1.0.*",
                "cotya/composer-test-framework": "dev-master",
                "mikey179/vfsstream": "~1.4",
                "phpunit/phpunit": "~4.3",
                "phpunit/phpunit-mock-objects": "~2.3",
                "squizlabs/php_codesniffer": "~2.1",
                "symfony/process": "~2.5"
            },
            "suggest": {
                "colinmollenhour/modman": "*",
                "theseer/autoload": "~1.14"
            },
            "bin": [
                "bin/magento-composer-installer.php"
            ],
            "type": "composer-plugin",
            "extra": {
                "class": "MagentoHackathon\\Composer\\Magento\\Plugin"
            },
            "autoload": {
                "psr-0": {
                    "MagentoHackathon\\Composer": "src/"
                }
            },
            "autoload-dev": {
                "psr-0": {
                    "MagentoHackathon\\Composer\\Magento": "tests/"
                }
            },
            "license": [
                "OSL-3.0"
            ],
            "authors": [
                {
                    "name": "Daniel Fahlke aka Flyingmana",
                    "email": "flyingmana@googlemail.com"
                },
                {
                    "name": "Jörg Weller",
                    "email": "weller@flagbit.de"
                },
                {
                    "name": "Karl Spies",
                    "email": "karl.spies@gmx.net"
                },
                {
                    "name": "Tobias Vogt",
                    "email": "tobi@webguys.de"
                },
                {
                    "name": "David Fuhr",
                    "email": "fuhr@flagbit.de"
                },
                {
                    "name": "Vinai Kopp",
                    "email": "vinai@netzarbeiter.com"
                }
            ],
            "description": "Composer installer for Magento modules",
            "homepage": "https://github.com/magento-hackathon/magento-composer-installer",
            "keywords": [
                "composer-installer",
                "magento"
            ],
            "support": {
                "source": "https://github.com/Cotya/magento-composer-installer/tree/master",
                "issues": "https://github.com/Cotya/magento-composer-installer/issues"
            },
            "time": "2017-06-07 11:21:56"
        },
        {
            "name": "magento/core",
            "version": "1.9.3.6",
            "source": {
                "type": "git",
                "url": "https://github.com/bragento/magento-core.git",
                "reference": "68bf1a1188786ef368241b3e01242b98e785e008"
            },
            "dist": {
                "type": "zip",
                "url": "https://api.github.com/repos/bragento/magento-core/zipball/68bf1a1188786ef368241b3e01242b98e785e008",
                "reference": "68bf1a1188786ef368241b3e01242b98e785e008",
                "shasum": ""
            },
            "type": "magento-core",
            "extra": {
                "map": [
                    [
                        "app",
                        "app"
                    ],
                    [
                        "dev",
                        "dev"
                    ],
                    [
                        "downloader",
                        "downloader"
                    ],
                    [
                        "errors",
                        "errors"
                    ],
                    [
                        "includes",
                        "includes"
                    ],
                    [
                        "js",
                        "js"
                    ],
                    [
                        "lib",
                        "lib"
                    ],
                    [
                        "media",
                        "media"
                    ],
                    [
                        "shell",
                        "shell"
                    ],
                    [
                        "skin",
                        "skin"
                    ],
                    [
                        "var",
                        "var"
                    ],
                    [
                        ".htaccess",
                        ".htaccess"
                    ],
                    [
                        "api.php",
                        "api.php"
                    ],
                    [
                        "cron.php",
                        "cron.php"
                    ],
                    [
                        "cron.sh",
                        "cron.sh"
                    ],
                    [
                        "favicon.ico",
                        "favicon.ico"
                    ],
                    [
                        "get.php",
                        "get.php"
                    ],
                    [
                        "index.php",
                        "index.php"
                    ],
                    [
                        "install.php",
                        "install.php"
                    ],
                    [
                        "mage",
                        "mage"
                    ],
                    [
                        "LICENSE.html",
                        "LICENSE.html"
                    ]
                ]
            },
            "license": [
                "OSL-3.0"
            ],
            "description": "Magento Core",
            "homepage": "http://www.magentocommerce.com",
            "support": {
                "source": "https://github.com/bragento/magento-core/tree/1.9.3.6",
                "issues": "https://github.com/bragento/magento-core/issues"
            },
            "time": "2017-09-16 00:10:31"
        },
        {
            "name": "psr/log",
            "version": "1.0.2",
            "source": {
                "type": "git",
                "url": "https://github.com/php-fig/log.git",
                "reference": "4ebe3a8bf773a19edfe0a84b6585ba3d401b724d"
            },
            "dist": {
                "type": "zip",
                "url": "https://api.github.com/repos/php-fig/log/zipball/4ebe3a8bf773a19edfe0a84b6585ba3d401b724d",
                "reference": "4ebe3a8bf773a19edfe0a84b6585ba3d401b724d",
                "shasum": ""
            },
            "require": {
                "php": ">=5.3.0"
            },
            "type": "library",
            "extra": {
                "branch-alias": {
                    "dev-master": "1.0.x-dev"
                }
            },
            "autoload": {
                "psr-4": {
                    "Psr\\Log\\": "Psr/Log/"
                }
            },
            "notification-url": "https://packagist.org/downloads/",
            "license": [
                "MIT"
            ],
            "authors": [
                {
                    "name": "PHP-FIG",
                    "homepage": "http://www.php-fig.org/"
                }
            ],
            "description": "Common interface for logging libraries",
            "homepage": "https://github.com/php-fig/log",
            "keywords": [
                "log",
                "psr",
                "psr-3"
            ],
            "time": "2016-10-10 12:19:37"
        },
        {
            "name": "symfony/console",
            "version": "v3.3.13",
            "source": {
                "type": "git",
                "url": "https://github.com/symfony/console.git",
                "reference": "63cd7960a0a522c3537f6326706d7f3b8de65805"
            },
            "dist": {
                "type": "zip",
                "url": "https://api.github.com/repos/symfony/console/zipball/63cd7960a0a522c3537f6326706d7f3b8de65805",
                "reference": "63cd7960a0a522c3537f6326706d7f3b8de65805",
                "shasum": ""
            },
            "require": {
                "php": "^5.5.9|>=7.0.8",
                "symfony/debug": "~2.8|~3.0",
                "symfony/polyfill-mbstring": "~1.0"
            },
            "conflict": {
                "symfony/dependency-injection": "<3.3"
            },
            "require-dev": {
                "psr/log": "~1.0",
                "symfony/config": "~3.3",
                "symfony/dependency-injection": "~3.3",
                "symfony/event-dispatcher": "~2.8|~3.0",
                "symfony/filesystem": "~2.8|~3.0",
                "symfony/process": "~2.8|~3.0"
            },
            "suggest": {
                "psr/log": "For using the console logger",
                "symfony/event-dispatcher": "",
                "symfony/filesystem": "",
                "symfony/process": ""
            },
            "type": "library",
            "extra": {
                "branch-alias": {
                    "dev-master": "3.3-dev"
                }
            },
            "autoload": {
                "psr-4": {
                    "Symfony\\Component\\Console\\": ""
                },
                "exclude-from-classmap": [
                    "/Tests/"
                ]
            },
            "notification-url": "https://packagist.org/downloads/",
            "license": [
                "MIT"
            ],
            "authors": [
                {
                    "name": "Fabien Potencier",
                    "email": "fabien@symfony.com"
                },
                {
                    "name": "Symfony Community",
                    "homepage": "https://symfony.com/contributors"
                }
            ],
            "description": "Symfony Console Component",
            "homepage": "https://symfony.com",
            "time": "2017-11-16 15:24:32"
        },
        {
            "name": "symfony/debug",
            "version": "v3.3.13",
            "source": {
                "type": "git",
                "url": "https://github.com/symfony/debug.git",
                "reference": "74557880e2846b5c84029faa96b834da37e29810"
            },
            "dist": {
                "type": "zip",
                "url": "https://api.github.com/repos/symfony/debug/zipball/74557880e2846b5c84029faa96b834da37e29810",
                "reference": "74557880e2846b5c84029faa96b834da37e29810",
                "shasum": ""
            },
            "require": {
                "php": "^5.5.9|>=7.0.8",
                "psr/log": "~1.0"
            },
            "conflict": {
                "symfony/http-kernel": ">=2.3,<2.3.24|~2.4.0|>=2.5,<2.5.9|>=2.6,<2.6.2"
            },
            "require-dev": {
                "symfony/http-kernel": "~2.8|~3.0"
            },
            "type": "library",
            "extra": {
                "branch-alias": {
                    "dev-master": "3.3-dev"
                }
            },
            "autoload": {
                "psr-4": {
                    "Symfony\\Component\\Debug\\": ""
                },
                "exclude-from-classmap": [
                    "/Tests/"
                ]
            },
            "notification-url": "https://packagist.org/downloads/",
            "license": [
                "MIT"
            ],
            "authors": [
                {
                    "name": "Fabien Potencier",
                    "email": "fabien@symfony.com"
                },
                {
                    "name": "Symfony Community",
                    "homepage": "https://symfony.com/contributors"
                }
            ],
            "description": "Symfony Debug Component",
            "homepage": "https://symfony.com",
            "time": "2017-11-10 16:38:39"
        },
        {
            "name": "symfony/polyfill-mbstring",
            "version": "v1.6.0",
            "source": {
                "type": "git",
                "url": "https://github.com/symfony/polyfill-mbstring.git",
                "reference": "2ec8b39c38cb16674bbf3fea2b6ce5bf117e1296"
            },
            "dist": {
                "type": "zip",
                "url": "https://api.github.com/repos/symfony/polyfill-mbstring/zipball/2ec8b39c38cb16674bbf3fea2b6ce5bf117e1296",
                "reference": "2ec8b39c38cb16674bbf3fea2b6ce5bf117e1296",
                "shasum": ""
            },
            "require": {
                "php": ">=5.3.3"
            },
            "suggest": {
                "ext-mbstring": "For best performance"
            },
            "type": "library",
            "extra": {
                "branch-alias": {
                    "dev-master": "1.6-dev"
                }
            },
            "autoload": {
                "psr-4": {
                    "Symfony\\Polyfill\\Mbstring\\": ""
                },
                "files": [
                    "bootstrap.php"
                ]
            },
            "notification-url": "https://packagist.org/downloads/",
            "license": [
                "MIT"
            ],
            "authors": [
                {
                    "name": "Nicolas Grekas",
                    "email": "p@tchwork.com"
                },
                {
                    "name": "Symfony Community",
                    "homepage": "https://symfony.com/contributors"
                }
            ],
            "description": "Symfony polyfill for the Mbstring extension",
            "homepage": "https://symfony.com",
            "keywords": [
                "compatibility",
                "mbstring",
                "polyfill",
                "portable",
                "shim"
            ],
            "time": "2017-10-11 12:05:26"
        },
        {
            "name": "theseer/autoload",
            "version": "1.24.1",
            "source": {
                "type": "git",
                "url": "https://github.com/theseer/Autoload.git",
                "reference": "784b31aaedbd0db069357ce8dae64ab70e3579ca"
            },
            "dist": {
                "type": "zip",
                "url": "https://api.github.com/repos/theseer/Autoload/zipball/784b31aaedbd0db069357ce8dae64ab70e3579ca",
                "reference": "784b31aaedbd0db069357ce8dae64ab70e3579ca",
                "shasum": ""
            },
            "require": {
                "theseer/directoryscanner": "~1.3",
                "zetacomponents/console-tools": "~1.7"
            },
            "require-dev": {
                "php": ">=5.3",
                "phpunit/phpunit": "^4.8.35|^5.7|^6.0",
                "squizlabs/php_codesniffer": "~1.5"
            },
            "bin": [
                "composer/bin/phpab"
            ],
            "type": "library",
            "autoload": {
                "classmap": [
                    "src/"
                ]
            },
            "notification-url": "https://packagist.org/downloads/",
            "license": [
                "BSD License"
            ],
            "authors": [
                {
                    "name": "Arne Blankerts",
                    "email": "arne@blankerts.de"
                }
            ],
            "description": "A tool and library to generate autoload code.",
            "time": "2017-06-26 07:50:31"
        },
        {
            "name": "theseer/directoryscanner",
            "version": "1.3.2",
            "source": {
                "type": "git",
                "url": "https://github.com/theseer/DirectoryScanner.git",
                "reference": "549aa9fdbc47d50365db42d9ade35fdef65f854c"
            },
            "dist": {
                "type": "zip",
                "url": "https://api.github.com/repos/theseer/DirectoryScanner/zipball/549aa9fdbc47d50365db42d9ade35fdef65f854c",
                "reference": "549aa9fdbc47d50365db42d9ade35fdef65f854c",
                "shasum": ""
            },
            "require": {
                "php": ">=5.3.1"
            },
            "type": "library",
            "extra": {
                "branch-alias": {
                    "dev-master": "1.0.x-dev"
                }
            },
            "autoload": {
                "classmap": [
                    "src/"
                ]
            },
            "notification-url": "https://packagist.org/downloads/",
            "license": [
                "BSD-2-Clause"
            ],
            "authors": [
                {
                    "name": "Arne Blankerts",
                    "email": "arne@blankerts.de",
                    "role": "Developer"
                }
            ],
            "description": "A recursive directory scanner and filter",
            "time": "2015-03-24 21:28:20"
        },
        {
            "name": "tim-reynolds/magento-qconfig",
            "version": "1.0",
            "source": {
                "type": "git",
                "url": "https://github.com/tim-reynolds/magento-qconfig.git",
                "reference": "f810f7ba689f7a088081696944377a6eb2b80964"
            },
            "dist": {
                "type": "zip",
                "url": "https://api.github.com/repos/tim-reynolds/magento-qconfig/zipball/f810f7ba689f7a088081696944377a6eb2b80964",
                "reference": "f810f7ba689f7a088081696944377a6eb2b80964",
                "shasum": ""
            },
            "require": {
                "magento-hackathon/magento-composer-installer": "*"
            },
            "type": "magento-module",
            "license": [
                "OSL-3.0"
            ],
            "authors": [
                {
                    "name": "Tim Reynolds"
                }
            ],
            "description": "Magento config quick search",
            "homepage": "https://github.com/tim-reynolds/",
            "support": {
                "source": "https://github.com/tim-reynolds/magento-qconfig/tree/1.0",
                "issues": "https://github.com/tim-reynolds/magento-qconfig/issues"
            },
            "time": "2013-07-31 19:42:16"
        },
        {
            "name": "zetacomponents/base",
            "version": "1.9",
            "source": {
                "type": "git",
                "url": "https://github.com/zetacomponents/Base.git",
                "reference": "f20df24e8de3e48b6b69b2503f917e457281e687"
            },
            "dist": {
                "type": "zip",
                "url": "https://api.github.com/repos/zetacomponents/Base/zipball/f20df24e8de3e48b6b69b2503f917e457281e687",
                "reference": "f20df24e8de3e48b6b69b2503f917e457281e687",
                "shasum": ""
            },
            "require-dev": {
                "zetacomponents/unit-test": "*"
            },
            "type": "library",
            "autoload": {
                "classmap": [
                    "src"
                ]
            },
            "notification-url": "https://packagist.org/downloads/",
            "license": [
                "Apache-2.0"
            ],
            "authors": [
                {
                    "name": "Sergey Alexeev"
                },
                {
                    "name": "Sebastian Bergmann"
                },
                {
                    "name": "Jan Borsodi"
                },
                {
                    "name": "Raymond Bosman"
                },
                {
                    "name": "Frederik Holljen"
                },
                {
                    "name": "Kore Nordmann"
                },
                {
                    "name": "Derick Rethans"
                },
                {
                    "name": "Vadym Savchuk"
                },
                {
                    "name": "Tobias Schlitt"
                },
                {
                    "name": "Alexandru Stanoi"
                }
            ],
            "description": "The Base package provides the basic infrastructure that all packages rely on. Therefore every component relies on this package.",
            "homepage": "https://github.com/zetacomponents",
            "time": "2014-09-19 03:28:34"
        },
        {
            "name": "zetacomponents/console-tools",
            "version": "1.7",
            "source": {
                "type": "git",
                "url": "https://github.com/zetacomponents/ConsoleTools.git",
                "reference": "30d67e9d04f458ac8cae4c49e50f81061460ff2c"
            },
            "dist": {
                "type": "zip",
                "url": "https://api.github.com/repos/zetacomponents/ConsoleTools/zipball/30d67e9d04f458ac8cae4c49e50f81061460ff2c",
                "reference": "30d67e9d04f458ac8cae4c49e50f81061460ff2c",
                "shasum": ""
            },
            "require": {
                "zetacomponents/base": "~1.8"
            },
            "require-dev": {
                "zetacomponents/unit-test": "*"
            },
            "type": "library",
            "autoload": {
                "classmap": [
                    "src"
                ]
            },
            "notification-url": "https://packagist.org/downloads/",
            "license": [
                "Apache-2.0"
            ],
            "authors": [
                {
                    "name": "Sergey Alexeev"
                },
                {
                    "name": "Sebastian Bergmann"
                },
                {
                    "name": "Jan Borsodi"
                },
                {
                    "name": "Raymond Bosman"
                },
                {
                    "name": "Frederik Holljen"
                },
                {
                    "name": "Kore Nordmann"
                },
                {
                    "name": "Derick Rethans"
                },
                {
                    "name": "Vadym Savchuk"
                },
                {
                    "name": "Tobias Schlitt"
                },
                {
                    "name": "Alexandru Stanoi"
                }
            ],
            "description": "A set of classes to do different actions with the console (also called shell). It can render a progress bar, tables and a status bar and contains a class for parsing command line options.",
            "homepage": "https://github.com/zetacomponents",
            "time": "2014-09-27 19:26:09"
        }
    ],
    "packages-dev": [
        {
            "name": "aoepeople/aoe_profiler",
            "version": "v0.3.0",
            "source": {
                "type": "git",
                "url": "https://github.com/AOEpeople/Aoe_Profiler.git",
                "reference": "384b6de6443b383fcc62ed4c4f76604e2c256c51"
            },
            "dist": {
                "type": "zip",
                "url": "https://api.github.com/repos/AOEpeople/Aoe_Profiler/zipball/384b6de6443b383fcc62ed4c4f76604e2c256c51",
                "reference": "384b6de6443b383fcc62ed4c4f76604e2c256c51",
                "shasum": ""
            },
            "require": {
                "magento-hackathon/magento-composer-installer": "*"
            },
            "type": "magento-module",
            "license": [
                "OSL-3.0"
            ],
            "authors": [
                {
                    "name": "Fabrizio Branca",
                    "email": "mail@{firstname}-{lastname}.de"
                }
            ],
            "description": "Magento Profiler",
            "homepage": "http://www.fabrizio-branca.de/magento-profiler.html",
            "support": {
                "source": "https://github.com/AOEpeople/Aoe_Profiler/tree/v0.3.0",
                "issues": "https://github.com/AOEpeople/Aoe_Profiler/issues"
            },
            "time": "2013-10-27 00:28:01"
        },
        {
            "name": "aoepeople/aoe_templatehints",
            "version": "v0.4.4",
            "source": {
                "type": "git",
                "url": "https://github.com/AOEpeople/Aoe_TemplateHints.git",
                "reference": "417bc451fbbe5f51e093af249a8a4b3ee54fee3b"
            },
            "dist": {
                "type": "zip",
                "url": "https://api.github.com/repos/AOEpeople/Aoe_TemplateHints/zipball/417bc451fbbe5f51e093af249a8a4b3ee54fee3b",
                "reference": "417bc451fbbe5f51e093af249a8a4b3ee54fee3b",
                "shasum": ""
            },
            "require": {
                "magento-hackathon/magento-composer-installer": "*"
            },
            "replace": {
                "aoemedia/aoe_templatehints": "*",
                "fbrnc/aoe_templatehints": "*"
            },
            "type": "magento-module",
            "license": [
                "GPLv3"
            ],
            "authors": [
                {
                    "name": "Fabrizio Branca",
                    "email": "{firtname}.{lastname}@aoe.com"
                }
            ],
            "description": "Advanced Template Hints for Magento",
            "homepage": "http://www.fabrizio-branca.de/magento-advanced-template-hints-20.html",
            "support": {
                "source": "https://github.com/AOEpeople/Aoe_TemplateHints/tree/v0.4.4",
                "issues": "https://github.com/AOEpeople/Aoe_TemplateHints/issues"
            },
            "time": "2017-03-23 15:56:07"
        }
    ],
    "aliases": [],
    "minimum-stability": "dev",
    "stability-flags": [],
    "prefer-stable": true,
    "prefer-lowest": false,
    "platform": [],
    "platform-dev": []
}
